Microsoft Visual Studio Solution File, Format Version 12.00
# Visual Studio Version 17
VisualStudioVersion = 17.5.2.0
MinimumVisualStudioVersion = 10.0.40219.1
Project("{FAE04EC0-301F-11D3-BF4B-00C04F79EFBC}") = "dotnetWebApiCoreCBA", "dotnetWebApiCoreCBA.csproj", "{F879CD5D-80AA-78B6-4F60-DCF737F42C54}"
EndProject
Global
	GlobalSection(SolutionConfigurationPlatforms) = preSolution
		Debug|Any CPU = Debug|Any CPU
		Release|Any CPU = Release|Any CPU
	EndGlobalSection
	GlobalSection(ProjectConfigurationPlatforms) = postSolution
		{F879CD5D-80AA-78B6-4F60-DCF737F42C54}.Debug|Any CPU.ActiveCfg = Debug|Any CPU
		{F879CD5D-80AA-78B6-4F60-DCF737F42C54}.Debug|Any CPU.Build.0 = Debug|Any CPU
		{F879CD5D-80AA-78B6-4F60-DCF737F42C54}.Release|Any CPU.ActiveCfg = Release|Any CPU
		{F879CD5D-80AA-78B6-4F60-DCF737F42C54}.Release|Any CPU.Build.0 = Release|Any CPU
	EndGlobalSection
	GlobalSection(SolutionProperties) = preSolution
		HideSolutionNode = FALSE
	EndGlobalSection
	GlobalSection(ExtensibilityGlobals) = postSolution
		SolutionGuid = {92AF8D7D-E719-42C6-BE7C-C01B775E0C60}
	EndGlobalSection
EndGlobal
